
Microsoft Visual Studio Solution File, Format Version 12.00
# Visual Studio Version 17
VisualStudioVersion = 17.0.31903.59
MinimumVisualStudioVersion = 10.0.40219.1
Project("{2150E333-8FDC-42A3-9474-1A3956D46DE8}") = "src", "src", "{827E0CD3-B72D-47B6-A68D-7590B98EB39B}"
EndProject
Project("{FAE04EC0-301F-11D3-BF4B-00C04F79EFBC}") = "Jourfold.Application", "src\Jourfold.Application\Jourfold.Application.csproj", "{9FEBDEA9-A48D-4BCA-8781-78710CC9ECFB}"
EndProject
Project("{FAE04EC0-301F-11D3-BF4B-00C04F79EFBC}") = "Jourfold.Desktop", "src\Jourfold.Desktop\Jourfold.Desktop.csproj", "{1EB526D8-30CD-4B97-A6D7-27BAC2DD0109}"
EndProject
Project("{FAE04EC0-301F-11D3-BF4B-00C04F79EFBC}") = "Jourfold.Infrastructure", "src\Jourfold.Infrastructure\Jourfold.Infrastructure.csproj", "{EB0913A1-3CF0-44A1-A916-23DA666E6316}"
EndProject
Project("{FAE04EC0-301F-11D3-BF4B-00C04F79EFBC}") = "Jourfold.PluginHost", "src\Jourfold.PluginHost\Jourfold.PluginHost.csproj", "{CF6D8FA0-79F3-4BBF-9826-89962DBB63DD}"
EndProject
Project("{2150E333-8FDC-42A3-9474-1A3956D46DE8}") = "tests", "tests", "{0AB3BF05-4346-4AA6-1389-037BE0695223}"
EndProject
Project("{FAE04EC0-301F-11D3-BF4B-00C04F79EFBC}") = "Jourfold.Tests", "tests\Jourfold.Tests\Jourfold.Tests.csproj", "{83884B79-9053-4205-82C0-633AC8F9CE2A}"
EndProject
Project("{2150E333-8FDC-42A3-9474-1A3956D46DE8}") = "samples", "samples", "{5D20AA90-6969-D8BD-9DCD-8634F4692FDA}"
EndProject
Project("{FAE04EC0-301F-11D3-BF4B-00C04F79EFBC}") = "Jourfold.ExamplePlugin", "samples\Jourfold.ExamplePlugin\Jourfold.ExamplePlugin.csproj", "{99DF13DC-1A52-4B00-B913-C20FDD535402}"
EndProject
Global
	GlobalSection(SolutionConfigurationPlatforms) = preSolution
		Debug|Any CPU = Debug|Any CPU
		Debug|x64 = Debug|x64
		Debug|x86 = Debug|x86
		Release|Any CPU = Release|Any CPU
		Release|x64 = Release|x64
		Release|x86 = Release|x86
	EndGlobalSection
	GlobalSection(ProjectConfigurationPlatforms) = postSolution
		{9FEBDEA9-A48D-4BCA-8781-78710CC9ECFB}.Debug|Any CPU.ActiveCfg = Debug|Any CPU
		{9FEBDEA9-A48D-4BCA-8781-78710CC9ECFB}.Debug|Any CPU.Build.0 = Debug|Any CPU
		{9FEBDEA9-A48D-4BCA-8781-78710CC9ECFB}.Debug|x64.ActiveCfg = Debug|Any CPU
		{9FEBDEA9-A48D-4BCA-8781-78710CC9ECFB}.Debug|x64.Build.0 = Debug|Any CPU
		{9FEBDEA9-A48D-4BCA-8781-78710CC9ECFB}.Debug|x86.ActiveCfg = Debug|Any CPU
		{9FEBDEA9-A48D-4BCA-8781-78710CC9ECFB}.Debug|x86.Build.0 = Debug|Any CPU
		{9FEBDEA9-A48D-4BCA-8781-78710CC9ECFB}.Release|Any CPU.ActiveCfg = Release|Any CPU
		{9FEBDEA9-A48D-4BCA-8781-78710CC9ECFB}.Release|Any CPU.Build.0 = Release|Any CPU
		{9FEBDEA9-A48D-4BCA-8781-78710CC9ECFB}.Release|x64.ActiveCfg = Release|Any CPU
		{9FEBDEA9-A48D-4BCA-8781-78710CC9ECFB}.Release|x64.Build.0 = Release|Any CPU
		{9FEBDEA9-A48D-4BCA-8781-78710CC9ECFB}.Release|x86.ActiveCfg = Release|Any CPU
		{9FEBDEA9-A48D-4BCA-8781-78710CC9ECFB}.Release|x86.Build.0 = Release|Any CPU
		{1EB526D8-30CD-4B97-A6D7-27BAC2DD0109}.Debug|Any CPU.ActiveCfg = Debug|Any CPU
		{1EB526D8-30CD-4B97-A6D7-27BAC2DD0109}.Debug|Any CPU.Build.0 = Debug|Any CPU
		{1EB526D8-30CD-4B97-A6D7-27BAC2DD0109}.Debug|x64.ActiveCfg = Debug|Any CPU
		{1EB526D8-30CD-4B97-A6D7-27BAC2DD0109}.Debug|x64.Build.0 = Debug|Any CPU
		{1EB526D8-30CD-4B97-A6D7-27BAC2DD0109}.Debug|x86.ActiveCfg = Debug|Any CPU
		{1EB526D8-30CD-4B97-A6D7-27BAC2DD0109}.Debug|x86.Build.0 = Debug|Any CPU
		{1EB526D8-30CD-4B97-A6D7-27BAC2DD0109}.Release|Any CPU.ActiveCfg = Release|Any CPU
		{1EB526D8-30CD-4B97-A6D7-27BAC2DD0109}.Release|Any CPU.Build.0 = Release|Any CPU
		{1EB526D8-30CD-4B97-A6D7-27BAC2DD0109}.Release|x64.ActiveCfg = Release|Any CPU
		{1EB526D8-30CD-4B97-A6D7-27BAC2DD0109}.Release|x64.Build.0 = Release|Any CPU
		{1EB526D8-30CD-4B97-A6D7-27BAC2DD0109}.Release|x86.ActiveCfg = Release|Any CPU
		{1EB526D8-30CD-4B97-A6D7-27BAC2DD0109}.Release|x86.Build.0 = Release|Any CPU
		{EB0913A1-3CF0-44A1-A916-23DA666E6316}.Debug|Any CPU.ActiveCfg = Debug|Any CPU
		{EB0913A1-3CF0-44A1-A916-23DA666E6316}.Debug|Any CPU.Build.0 = Debug|Any CPU
		{EB0913A1-3CF0-44A1-A916-23DA666E6316}.Debug|x64.ActiveCfg = Debug|Any CPU
		{EB0913A1-3CF0-44A1-A916-23DA666E6316}.Debug|x64.Build.0 = Debug|Any CPU
		{EB0913A1-3CF0-44A1-A916-23DA666E6316}.Debug|x86.ActiveCfg = Debug|Any CPU
		{EB0913A1-3CF0-44A1-A916-23DA666E6316}.Debug|x86.Build.0 = Debug|Any CPU
		{EB0913A1-3CF0-44A1-A916-23DA666E6316}.Release|Any CPU.ActiveCfg = Release|Any CPU
		{EB0913A1-3CF0-44A1-A916-23DA666E6316}.Release|Any CPU.Build.0 = Release|Any CPU
		{EB0913A1-3CF0-44A1-A916-23DA666E6316}.Release|x64.ActiveCfg = Release|Any CPU
		{EB0913A1-3CF0-44A1-A916-23DA666E6316}.Release|x64.Build.0 = Release|Any CPU
		{EB0913A1-3CF0-44A1-A916-23DA666E6316}.Release|x86.ActiveCfg = Release|Any CPU
		{EB0913A1-3CF0-44A1-A916-23DA666E6316}.Release|x86.Build.0 = Release|Any CPU
		{CF6D8FA0-79F3-4BBF-9826-89962DBB63DD}.Debug|Any CPU.ActiveCfg = Debug|Any CPU
		{CF6D8FA0-79F3-4BBF-9826-89962DBB63DD}.Debug|Any CPU.Build.0 = Debug|Any CPU
		{CF6D8FA0-79F3-4BBF-9826-89962DBB63DD}.Debug|x64.ActiveCfg = Debug|Any CPU
		{CF6D8FA0-79F3-4BBF-9826-89962DBB63DD}.Debug|x64.Build.0 = Debug|Any CPU
		{CF6D8FA0-79F3-4BBF-9826-89962DBB63DD}.Debug|x86.ActiveCfg = Debug|Any CPU
		{CF6D8FA0-79F3-4BBF-9826-89962DBB63DD}.Debug|x86.Build.0 = Debug|Any CPU
		{CF6D8FA0-79F3-4BBF-9826-89962DBB63DD}.Release|Any CPU.ActiveCfg = Release|Any CPU
		{CF6D8FA0-79F3-4BBF-9826-89962DBB63DD}.Release|Any CPU.Build.0 = Release|Any CPU
		{CF6D8FA0-79F3-4BBF-9826-89962DBB63DD}.Release|x64.ActiveCfg = Release|Any CPU
		{CF6D8FA0-79F3-4BBF-9826-89962DBB63DD}.Release|x64.Build.0 = Release|Any CPU
		{CF6D8FA0-79F3-4BBF-9826-89962DBB63DD}.Release|x86.ActiveCfg = Release|Any CPU
		{CF6D8FA0-79F3-4BBF-9826-89962DBB63DD}.Release|x86.Build.0 = Release|Any CPU
		{83884B79-9053-4205-82C0-633AC8F9CE2A}.Debug|Any CPU.ActiveCfg = Debug|Any CPU
		{83884B79-9053-4205-82C0-633AC8F9CE2A}.Debug|Any CPU.Build.0 = Debug|Any CPU
		{83884B79-9053-4205-82C0-633AC8F9CE2A}.Debug|x64.ActiveCfg = Debug|Any CPU
		{83884B79-9053-4205-82C0-633AC8F9CE2A}.Debug|x64.Build.0 = Debug|Any CPU
		{83884B79-9053-4205-82C0-633AC8F9CE2A}.Debug|x86.ActiveCfg = Debug|Any CPU
		{83884B79-9053-4205-82C0-633AC8F9CE2A}.Debug|x86.Build.0 = Debug|Any CPU
		{83884B79-9053-4205-82C0-633AC8F9CE2A}.Release|Any CPU.ActiveCfg = Release|Any CPU
		{83884B79-9053-4205-82C0-633AC8F9CE2A}.Release|Any CPU.Build.0 = Release|Any CPU
		{83884B79-9053-4205-82C0-633AC8F9CE2A}.Release|x64.ActiveCfg = Release|Any CPU
		{83884B79-9053-4205-82C0-633AC8F9CE2A}.Release|x64.Build.0 = Release|Any CPU
		{83884B79-9053-4205-82C0-633AC8F9CE2A}.Release|x86.ActiveCfg = Release|Any CPU
		{83884B79-9053-4205-82C0-633AC8F9CE2A}.Release|x86.Build.0 = Release|Any CPU
		{99DF13DC-1A52-4B00-B913-C20FDD535402}.Debug|Any CPU.ActiveCfg = Debug|Any CPU
		{99DF13DC-1A52-4B00-B913-C20FDD535402}.Debug|Any CPU.Build.0 = Debug|Any CPU
		{99DF13DC-1A52-4B00-B913-C20FDD535402}.Debug|x64.ActiveCfg = Debug|Any CPU
		{99DF13DC-1A52-4B00-B913-C20FDD535402}.Debug|x64.Build.0 = Debug|Any CPU
		{99DF13DC-1A52-4B00-B913-C20FDD535402}.Debug|x86.ActiveCfg = Debug|Any CPU
		{99DF13DC-1A52-4B00-B913-C20FDD535402}.Debug|x86.Build.0 = Debug|Any CPU
		{99DF13DC-1A52-4B00-B913-C20FDD535402}.Release|Any CPU.ActiveCfg = Release|Any CPU
		{99DF13DC-1A52-4B00-B913-C20FDD535402}.Release|Any CPU.Build.0 = Release|Any CPU
		{99DF13DC-1A52-4B00-B913-C20FDD535402}.Release|x64.ActiveCfg = Release|Any CPU
		{99DF13DC-1A52-4B00-B913-C20FDD535402}.Release|x64.Build.0 = Release|Any CPU
		{99DF13DC-1A52-4B00-B913-C20FDD535402}.Release|x86.ActiveCfg = Release|Any CPU
		{99DF13DC-1A52-4B00-B913-C20FDD535402}.Release|x86.Build.0 = Release|Any CPU
	EndGlobalSection
	GlobalSection(SolutionProperties) = preSolution
		HideSolutionNode = FALSE
	EndGlobalSection
	GlobalSection(NestedProjects) = preSolution
		{9FEBDEA9-A48D-4BCA-8781-78710CC9ECFB} = {827E0CD3-B72D-47B6-A68D-7590B98EB39B}
		{1EB526D8-30CD-4B97-A6D7-27BAC2DD0109} = {827E0CD3-B72D-47B6-A68D-7590B98EB39B}
		{EB0913A1-3CF0-44A1-A916-23DA666E6316} = {827E0CD3-B72D-47B6-A68D-7590B98EB39B}
		{CF6D8FA0-79F3-4BBF-9826-89962DBB63DD} = {827E0CD3-B72D-47B6-A68D-7590B98EB39B}
		{83884B79-9053-4205-82C0-633AC8F9CE2A} = {0AB3BF05-4346-4AA6-1389-037BE0695223}
		{99DF13DC-1A52-4B00-B913-C20FDD535402} = {5D20AA90-6969-D8BD-9DCD-8634F4692FDA}
	EndGlobalSection
EndGlobal
